// !$*UTF8*$!
{
	archiveVersion = 1;
	classes = {
	};
	objectVersion = 60;
	objects = {

/* Begin PBXBuildFile section */
		874EC28A2BC2AC5B0084861E /* PopularViewController.swift in Sources */ = {isa = PBXBuildFile; fileRef = 874EC2892BC2AC5B0084861E /* PopularViewController.swift */; };
		874EC28C2BC2AC840084861E /* LatestViewController.swift in Sources */ = {isa = PBXBuildFile; fileRef = 874EC28B2BC2AC840084861E /* LatestViewController.swift */; };
		874EC28E2BC2B89A0084861E /* PopularCollectionCell.swift in Sources */ = {isa = PBXBuildFile; fileRef = 874EC28D2BC2B89A0084861E /* PopularCollectionCell.swift */; };
		874EC2922BC2BA7B0084861E /* CollectionView+.swift in Sources */ = {isa = PBXBuildFile; fileRef = 874EC2902BC2BA7B0084861E /* CollectionView+.swift */; };
		874EC2932BC2BA7B0084861E /* UIView+.swift in Sources */ = {isa = PBXBuildFile; fileRef = 874EC2912BC2BA7B0084861E /* UIView+.swift */; };
		874EC2992BC2E6840084861E /* PopularViewModel.swift in Sources */ = {isa = PBXBuildFile; fileRef = 874EC2982BC2E6840084861E /* PopularViewModel.swift */; };
		874EC29C2BC3E15D0084861E /* SDWebImage in Frameworks */ = {isa = PBXBuildFile; productRef = 874EC29B2BC3E15D0084861E /* SDWebImage */; };
		874EC29E2BC3E15D0084861E /* SDWebImageMapKit in Frameworks */ = {isa = PBXBuildFile; productRef = 874EC29D2BC3E15D0084861E /* SDWebImageMapKit */; };
		874EC2A02BC42C390084861E /* DetailViewController.swift in Sources */ = {isa = PBXBuildFile; fileRef = 874EC29F2BC42C390084861E /* DetailViewController.swift */; };
		874EC2A22BC42E570084861E /* DetailMovieModel.swift in Sources */ = {isa = PBXBuildFile; fileRef = 874EC2A12BC42E570084861E /* DetailMovieModel.swift */; };
		8776D0772BC12D1000C1A5C5 /* AppDelegate.swift in Sources */ = {isa = PBXBuildFile; fileRef = 8776D0762BC12D1000C1A5C5 /* AppDelegate.swift */; };
		8776D0792BC12D1000C1A5C5 /* SceneDelegate.swift in Sources */ = {isa = PBXBuildFile; fileRef = 8776D0782BC12D1000C1A5C5 /* SceneDelegate.swift */; };
		8776D07B2BC12D1000C1A5C5 /* CustomTabViewController.swift in Sources */ = {isa = PBXBuildFile; fileRef = 8776D07A2BC12D1000C1A5C5 /* CustomTabViewController.swift */; };
		8776D07E2BC12D1000C1A5C5 /* Main.storyboard in Resources */ = {isa = PBXBuildFile; fileRef = 8776D07C2BC12D1000C1A5C5 /* Main.storyboard */; };
		8776D0802BC12D1200C1A5C5 /* Assets.xcassets in Resources */ = {isa = PBXBuildFile; fileRef = 8776D07F2BC12D1200C1A5C5 /* Assets.xcassets */; };
		8776D0832BC12D1200C1A5C5 /* LaunchScreen.storyboard in Resources */ = {isa = PBXBuildFile; fileRef = 8776D0812BC12D1200C1A5C5 /* LaunchScreen.storyboard */; };
		87DB487E2BC6673200AFCAB7 /* LatestViewModel.swift in Sources */ = {isa = PBXBuildFile; fileRef = 87DB487D2BC6673200AFCAB7 /* LatestViewModel.swift */; };
		87DB48822BC6B76300AFCAB7 /* UIViewController+.swift in Sources */ = {isa = PBXBuildFile; fileRef = 87DB48812BC6B76300AFCAB7 /* UIViewController+.swift */; };
		87DB48AD2BC8069F00AFCAB7 /* MoviePackage in Frameworks */ = {isa = PBXBuildFile; productRef = 87DB48AC2BC8069F00AFCAB7 /* MoviePackage */; };
		87DB48B02BC8088400AFCAB7 /* MoviePackage in Frameworks */ = {isa = PBXBuildFile; productRef = 87DB48AF2BC8088400AFCAB7 /* MoviePackage */; };
		87DB48B32BC8097F00AFCAB7 /* MoviePackage in Frameworks */ = {isa = PBXBuildFile; productRef = 87DB48B22BC8097F00AFCAB7 /* MoviePackage */; };
/* End PBXBuildFile section */

/* Begin PBXContainerItemProxy section */
		87DB488B2BC6CFF700AFCAB7 /* PBXContainerItemProxy */ = {
			isa = PBXContainerItemProxy;
			containerPortal = 8776D06B2BC12D1000C1A5C5 /* Project object */;
			proxyType = 1;
			remoteGlobalIDString = 8776D0722BC12D1000C1A5C5;
			remoteInfo = MovieApp;
		};
/* End PBXContainerItemProxy section */

/* Begin PBXFileReference section */
		874EC2892BC2AC5B0084861E /* PopularViewController.swift */ = {isa = PBXFileReference; lastKnownFileType = sourcecode.swift; path = PopularViewController.swift; sourceTree = "<group>"; };
		874EC28B2BC2AC840084861E /* LatestViewController.swift */ = {isa = PBXFileReference; lastKnownFileType = sourcecode.swift; path = LatestViewController.swift; sourceTree = "<group>"; };
		874EC28D2BC2B89A0084861E /* PopularCollectionCell.swift */ = {isa = PBXFileReference; lastKnownFileType = sourcecode.swift; path = PopularCollectionCell.swift; sourceTree = "<group>"; };
		874EC2902BC2BA7B0084861E /* CollectionView+.swift */ = {isa = PBXFileReference; fileEncoding = 4; lastKnownFileType = sourcecode.swift; path = "CollectionView+.swift"; sourceTree = "<group>"; };
		874EC2912BC2BA7B0084861E /* UIView+.swift */ = {isa = PBXFileReference; fileEncoding = 4; lastKnownFileType = sourcecode.swift; path = "UIView+.swift"; sourceTree = "<group>"; };
		874EC2982BC2E6840084861E /* PopularViewModel.swift */ = {isa = PBXFileReference; lastKnownFileType = sourcecode.swift; path = PopularViewModel.swift; sourceTree = "<group>"; };
		874EC29F2BC42C390084861E /* DetailViewController.swift */ = {isa = PBXFileReference; lastKnownFileType = sourcecode.swift; path = DetailViewController.swift; sourceTree = "<group>"; };
		874EC2A12BC42E570084861E /* DetailMovieModel.swift */ = {isa = PBXFileReference; lastKnownFileType = sourcecode.swift; path = DetailMovieModel.swift; sourceTree = "<group>"; };
		8776D0732BC12D1000C1A5C5 /* MovieApp.app */ = {isa = PBXFileReference; explicitFileType = wrapper.application; includeInIndex = 0; path = MovieApp.app; sourceTree = BUILT_PRODUCTS_DIR; };
		8776D0762BC12D1000C1A5C5 /* AppDelegate.swift */ = {isa = PBXFileReference; lastKnownFileType = sourcecode.swift; path = AppDelegate.swift; sourceTree = "<group>"; };
		8776D0782BC12D1000C1A5C5 /* SceneDelegate.swift */ = {isa = PBXFileReference; lastKnownFileType = sourcecode.swift; path = SceneDelegate.swift; sourceTree = "<group>"; };
		8776D07A2BC12D1000C1A5C5 /* CustomTabViewController.swift */ = {isa = PBXFileReference; lastKnownFileType = sourcecode.swift; path = CustomTabViewController.swift; sourceTree = "<group>"; };
		8776D07D2BC12D1000C1A5C5 /* Base */ = {isa = PBXFileReference; lastKnownFileType = file.storyboard; name = Base; path = Base.lproj/Main.storyboard; sourceTree = "<group>"; };
		8776D07F2BC12D1200C1A5C5 /* Assets.xcassets */ = {isa = PBXFileReference; lastKnownFileType = folder.assetcatalog; path = Assets.xcassets; sourceTree = "<group>"; };
		8776D0822BC12D1200C1A5C5 /* Base */ = {isa = PBXFileReference; lastKnownFileType = file.storyboard; name = Base; path = Base.lproj/LaunchScreen.storyboard; sourceTree = "<group>"; };
		8776D0842BC12D1200C1A5C5 /* Info.plist */ = {isa = PBXFileReference; lastKnownFileType = text.plist.xml; path = Info.plist; sourceTree = "<group>"; };
		87DB487D2BC6673200AFCAB7 /* LatestViewModel.swift */ = {isa = PBXFileReference; lastKnownFileType = sourcecode.swift; path = LatestViewModel.swift; sourceTree = "<group>"; };
		87DB48812BC6B76300AFCAB7 /* UIViewController+.swift */ = {isa = PBXFileReference; lastKnownFileType = sourcecode.swift; path = "UIViewController+.swift"; sourceTree = "<group>"; };
		87DB48872BC6CFF700AFCAB7 /* MovieAppTests.xctest */ = {isa = PBXFileReference; explicitFileType = wrapper.cfbundle; includeInIndex = 0; path = MovieAppTests.xctest; sourceTree = BUILT_PRODUCTS_DIR; };
		87DB48A12BC7B62700AFCAB7 /* MovieServiceSDK.xcframework */ = {isa = PBXFileReference; lastKnownFileType = wrapper.xcframework; name = MovieServiceSDK.xcframework; path = ../MovieServiceSDK/Poduct/MovieServiceSDK.xcframework; sourceTree = "<group>"; };
/* End PBXFileReference section */

/* Begin PBXFrameworksBuildPhase section */
		8776D0702BC12D1000C1A5C5 /* Frameworks */ = {
			isa = PBXFrameworksBuildPhase;
			buildActionMask = 2147483647;
			files = (
				87DB48B02BC8088400AFCAB7 /* MoviePackage in Frameworks */,
				874EC29C2BC3E15D0084861E /* SDWebImage in Frameworks */,
				874EC29E2BC3E15D0084861E /* SDWebImageMapKit in Frameworks */,
				87DB48B32BC8097F00AFCAB7 /* MoviePackage in Frameworks */,
				87DB48AD2BC8069F00AFCAB7 /* MoviePackage in Frameworks */,
			);
			runOnlyForDeploymentPostprocessing = 0;
		};
		87DB48842BC6CFF700AFCAB7 /* Frameworks */ = {
			isa = PBXFrameworksBuildPhase;
			buildActionMask = 2147483647;
			files = (
			);
			runOnlyForDeploymentPostprocessing = 0;
		};
/* End PBXFrameworksBuildPhase section */

/* Begin PBXGroup section */
		874EC2882BC2AC250084861E /* View */ = {
			isa = PBXGroup;
			children = (
				874EC2892BC2AC5B0084861E /* PopularViewController.swift */,
				874EC28B2BC2AC840084861E /* LatestViewController.swift */,
				874EC28D2BC2B89A0084861E /* PopularCollectionCell.swift */,
				874EC29F2BC42C390084861E /* DetailViewController.swift */,
			);
			path = View;
			sourceTree = "<group>";
		};
		874EC28F2BC2BA670084861E /* Extension */ = {
			isa = PBXGroup;
			children = (
				874EC2902BC2BA7B0084861E /* CollectionView+.swift */,
				874EC2912BC2BA7B0084861E /* UIView+.swift */,
				87DB48812BC6B76300AFCAB7 /* UIViewController+.swift */,
			);
			path = Extension;
			sourceTree = "<group>";
		};
		874EC2942BC2E1580084861E /* Model */ = {
			isa = PBXGroup;
			children = (
			);
			path = Model;
			sourceTree = "<group>";
		};
		874EC2972BC2E66D0084861E /* ViewModel */ = {
			isa = PBXGroup;
			children = (
				874EC2982BC2E6840084861E /* PopularViewModel.swift */,
				874EC2A12BC42E570084861E /* DetailMovieModel.swift */,
				87DB487D2BC6673200AFCAB7 /* LatestViewModel.swift */,
			);
			path = ViewModel;
			sourceTree = "<group>";
		};
		874EC2C52BC447E50084861E /* Frameworks */ = {
			isa = PBXGroup;
			children = (
				87DB48A12BC7B62700AFCAB7 /* MovieServiceSDK.xcframework */,
			);
			name = Frameworks;
			sourceTree = "<group>";
		};
		8776D06A2BC12D1000C1A5C5 = {
			isa = PBXGroup;
			children = (
				8776D0752BC12D1000C1A5C5 /* MovieApp */,
				8776D0742BC12D1000C1A5C5 /* Products */,
				874EC2C52BC447E50084861E /* Frameworks */,
			);
			sourceTree = "<group>";
		};
		8776D0742BC12D1000C1A5C5 /* Products */ = {
			isa = PBXGroup;
			children = (
				8776D0732BC12D1000C1A5C5 /* MovieApp.app */,
				87DB48872BC6CFF700AFCAB7 /* MovieAppTests.xctest */,
			);
			name = Products;
			sourceTree = "<group>";
		};
		8776D0752BC12D1000C1A5C5 /* MovieApp */ = {
			isa = PBXGroup;
			children = (
				874EC2972BC2E66D0084861E /* ViewModel */,
				874EC2942BC2E1580084861E /* Model */,
				874EC28F2BC2BA670084861E /* Extension */,
				874EC2882BC2AC250084861E /* View */,
				8776D0762BC12D1000C1A5C5 /* AppDelegate.swift */,
				8776D0782BC12D1000C1A5C5 /* SceneDelegate.swift */,
				8776D07A2BC12D1000C1A5C5 /* CustomTabViewController.swift */,
				8776D07C2BC12D1000C1A5C5 /* Main.storyboard */,
				8776D07F2BC12D1200C1A5C5 /* Assets.xcassets */,
				8776D0812BC12D1200C1A5C5 /* LaunchScreen.storyboard */,
				8776D0842BC12D1200C1A5C5 /* Info.plist */,
			);
			path = MovieApp;
			sourceTree = "<group>";
		};
/* End PBXGroup section */

/* Begin PBXNativeTarget section */
		8776D0722BC12D1000C1A5C5 /* MovieApp */ = {
			isa = PBXNativeTarget;
			buildConfigurationList = 8776D0872BC12D1200C1A5C5 /* Build configuration list for PBXNativeTarget "MovieApp" */;
			buildPhases = (
				8776D06F2BC12D1000C1A5C5 /* Sources */,
				8776D0702BC12D1000C1A5C5 /* Frameworks */,
				8776D0712BC12D1000C1A5C5 /* Resources */,
			);
			buildRules = (
			);
			dependencies = (
			);
			name = MovieApp;
			packageProductDependencies = (
				874EC29B2BC3E15D0084861E /* SDWebImage */,
				874EC29D2BC3E15D0084861E /* SDWebImageMapKit */,
				87DB48AC2BC8069F00AFCAB7 /* MoviePackage */,
				87DB48AF2BC8088400AFCAB7 /* MoviePackage */,
				87DB48B22BC8097F00AFCAB7 /* MoviePackage */,
			);
			productName = MovieApp;
			productReference = 8776D0732BC12D1000C1A5C5 /* MovieApp.app */;
			productType = "com.apple.product-type.application";
		};
		87DB48862BC6CFF700AFCAB7 /* MovieAppTests */ = {
			isa = PBXNativeTarget;
			buildConfigurationList = 87DB488D2BC6CFF700AFCAB7 /* Build configuration list for PBXNativeTarget "MovieAppTests" */;
			buildPhases = (
				87DB48832BC6CFF700AFCAB7 /* Sources */,
				87DB48842BC6CFF700AFCAB7 /* Frameworks */,
				87DB48852BC6CFF700AFCAB7 /* Resources */,
			);
			buildRules = (
			);
			dependencies = (
				87DB488C2BC6CFF700AFCAB7 /* PBXTargetDependency */,
			);
			name = MovieAppTests;
			productName = MovieAppTests;
			productReference = 87DB48872BC6CFF700AFCAB7 /* MovieAppTests.xctest */;
			productType = "com.apple.product-type.bundle.unit-test";
		};
/* End PBXNativeTarget section */

/* Begin PBXProject section */
		8776D06B2BC12D1000C1A5C5 /* Project object */ = {
			isa = PBXProject;
			attributes = {
				BuildIndependentTargetsInParallel = 1;
				LastSwiftUpdateCheck = 1520;
				LastUpgradeCheck = 1520;
				TargetAttributes = {
					8776D0722BC12D1000C1A5C5 = {
						CreatedOnToolsVersion = 15.2;
					};
					87DB48862BC6CFF700AFCAB7 = {
						CreatedOnToolsVersion = 15.2;
						TestTargetID = 8776D0722BC12D1000C1A5C5;
					};
				};
			};
			buildConfigurationList = 8776D06E2BC12D1000C1A5C5 /* Build configuration list for PBXProject "MovieApp" */;
			compatibilityVersion = "Xcode 14.0";
			developmentRegion = en;
			hasScannedForEncodings = 0;
			knownRegions = (
				en,
				Base,
			);
			mainGroup = 8776D06A2BC12D1000C1A5C5;
			packageReferences = (
				874EC29A2BC3E15D0084861E /* XCRemoteSwiftPackageReference "SDWebImage" */,
				87DB48B12BC8097F00AFCAB7 /* XCLocalSwiftPackageReference "../MoviePackage" */,
			);
			productRefGroup = 8776D0742BC12D1000C1A5C5 /* Products */;
			projectDirPath = "";
			projectRoot = "";
			targets = (
				8776D0722BC12D1000C1A5C5 /* MovieApp */,
				87DB48862BC6CFF700AFCAB7 /* MovieAppTests */,
			);
		};
/* End PBXProject section */

/* Begin PBXResourcesBuildPhase section */
		8776D0712BC12D1000C1A5C5 /* Resources */ = {
			isa = PBXResourcesBuildPhase;
			buildActionMask = 2147483647;
			files = (
				8776D0832BC12D1200C1A5C5 /* LaunchScreen.storyboard in Resources */,
				8776D0802BC12D1200C1A5C5 /* Assets.xcassets in Resources */,
				8776D07E2BC12D1000C1A5C5 /* Main.storyboard in Resources */,
			);
			runOnlyForDeploymentPostprocessing = 0;
		};
		87DB48852BC6CFF700AFCAB7 /* Resources */ = {
			isa = PBXResourcesBuildPhase;
			buildActionMask = 2147483647;
			files = (
			);
			runOnlyForDeploymentPostprocessing = 0;
		};
/* End PBXResourcesBuildPhase section */

/* Begin PBXSourcesBuildPhase section */
		8776D06F2BC12D1000C1A5C5 /* Sources */ = {
			isa = PBXSourcesBuildPhase;
			buildActionMask = 2147483647;
			files = (
				874EC28A2BC2AC5B0084861E /* PopularViewController.swift in Sources */,
				874EC28E2BC2B89A0084861E /* PopularCollectionCell.swift in Sources */,
				874EC28C2BC2AC840084861E /* LatestViewController.swift in Sources */,
				8776D07B2BC12D1000C1A5C5 /* CustomTabViewController.swift in Sources */,
				874EC2932BC2BA7B0084861E /* UIView+.swift in Sources */,
				87DB487E2BC6673200AFCAB7 /* LatestViewModel.swift in Sources */,
				8776D0772BC12D1000C1A5C5 /* AppDelegate.swift in Sources */,
				874EC2992BC2E6840084861E /* PopularViewModel.swift in Sources */,
				874EC2A02BC42C390084861E /* DetailViewController.swift in Sources */,
				87DB48822BC6B76300AFCAB7 /* UIViewController+.swift in Sources */,
				874EC2A22BC42E570084861E /* DetailMovieModel.swift in Sources */,
				874EC2922BC2BA7B0084861E /* CollectionView+.swift in Sources */,
				8776D0792BC12D1000C1A5C5 /* SceneDelegate.swift in Sources */,
			);
			runOnlyForDeploymentPostprocessing = 0;
		};
		87DB48832BC6CFF700AFCAB7 /* Sources */ = {
			isa = PBXSourcesBuildPhase;
			buildActionMask = 2147483647;
			files = (
			);
			runOnlyForDeploymentPostprocessing = 0;
		};
/* End PBXSourcesBuildPhase section */

/* Begin PBXTargetDependency section */
		87DB488C2BC6CFF700AFCAB7 /* PBXTargetDependency */ = {
			isa = PBXTargetDependency;
			target = 8776D0722BC12D1000C1A5C5 /* MovieApp */;
			targetProxy = 87DB488B2BC6CFF700AFCAB7 /* PBXContainerItemProxy */;
		};
/* End PBXTargetDependency section */

/* Begin PBXVariantGroup section */
		8776D07C2BC12D1000C1A5C5 /* Main.storyboard */ = {
			isa = PBXVariantGroup;
			children = (
				8776D07D2BC12D1000C1A5C5 /* Base */,
			);
			name = Main.storyboard;
			sourceTree = "<group>";
		};
		8776D0812BC12D1200C1A5C5 /* LaunchScreen.storyboard */ = {
			isa = PBXVariantGroup;
			children = (
				8776D0822BC12D1200C1A5C5 /* Base */,
			);
			name = LaunchScreen.storyboard;
			sourceTree = "<group>";
		};
/* End PBXVariantGroup section */

/* Begin XCBuildConfiguration section */
		8776D0852BC12D1200C1A5C5 /* Debug */ = {
			isa = XCBuildConfiguration;
			buildSettings = {
				ALWAYS_SEARCH_USER_PATHS = NO;
				ASSETCATALOG_COMPILER_GENERATE_SWIFT_ASSET_SYMBOL_EXTENSIONS = YES;
				CLANG_ANALYZER_NONNULL = YES;
				CLANG_ANALYZER_NUMBER_OBJECT_CONVERSION = YES_AGGRESSIVE;
				CLANG_CXX_LANGUAGE_STANDARD = "gnu++20";
				CLANG_ENABLE_MODULES = YES;
				CLANG_ENABLE_OBJC_ARC = YES;
				CLANG_ENABLE_OBJC_WEAK = YES;
				CLANG_WARN_BLOCK_CAPTURE_AUTORELEASING = YES;
				CLANG_WARN_BOOL_CONVERSION = YES;
				CLANG_WARN_COMMA = YES;
				CLANG_WARN_CONSTANT_CONVERSION = YES;
				CLANG_WARN_DEPRECATED_OBJC_IMPLEMENTATIONS = YES;
				CLANG_WARN_DIRECT_OBJC_ISA_USAGE = YES_ERROR;
				CLANG_WARN_DOCUMENTATION_COMMENTS = YES;
				CLANG_WARN_EMPTY_BODY = YES;
				CLANG_WARN_ENUM_CONVERSION = YES;
				CLANG_WARN_INFINITE_RECURSION = YES;
				CLANG_WARN_INT_CONVERSION = YES;
				CLANG_WARN_NON_LITERAL_NULL_CONVERSION = YES;
				CLANG_WARN_OBJC_IMPLICIT_RETAIN_SELF = YES;
				CLANG_WARN_OBJC_LITERAL_CONVERSION = YES;
				CLANG_WARN_OBJC_ROOT_CLASS = YES_ERROR;
				CLANG_WARN_QUOTED_INCLUDE_IN_FRAMEWORK_HEADER = YES;
				CLANG_WARN_RANGE_LOOP_ANALYSIS = YES;
				CLANG_WARN_STRICT_PROTOTYPES = YES;
				CLANG_WARN_SUSPICIOUS_MOVE = YES;
				CLANG_WARN_UNGUARDED_AVAILABILITY = YES_AGGRESSIVE;
				CLANG_WARN_UNREACHABLE_CODE = YES;
				CLANG_WARN__DUPLICATE_METHOD_MATCH = YES;
				COPY_PHASE_STRIP = NO;
				DEBUG_INFORMATION_FORMAT = dwarf;
				ENABLE_STRICT_OBJC_MSGSEND = YES;
				ENABLE_TESTABILITY = YES;
				ENABLE_USER_SCRIPT_SANDBOXING = YES;
				GCC_C_LANGUAGE_STANDARD = gnu17;
				GCC_DYNAMIC_NO_PIC = NO;
				GCC_NO_COMMON_BLOCKS = YES;
				GCC_OPTIMIZATION_LEVEL = 0;
				GCC_PREPROCESSOR_DEFINITIONS = (
					"DEBUG=1",
					"$(inherited)",
				);
				GCC_WARN_64_TO_32_BIT_CONVERSION = YES;
				GCC_WARN_ABOUT_RETURN_TYPE = YES_ERROR;
				GCC_WARN_UNDECLARED_SELECTOR = YES;
				GCC_WARN_UNINITIALIZED_AUTOS = YES_AGGRESSIVE;
				GCC_WARN_UNUSED_FUNCTION = YES;
				GCC_WARN_UNUSED_VARIABLE = YES;
				IPHONEOS_DEPLOYMENT_TARGET = 17.2;
				LOCALIZATION_PREFERS_STRING_CATALOGS = YES;
				MTL_ENABLE_DEBUG_INFO = INCLUDE_SOURCE;
				MTL_FAST_MATH = YES;
				ONLY_ACTIVE_ARCH = YES;
				SDKROOT = iphoneos;
				SWIFT_ACTIVE_COMPILATION_CONDITIONS = "DEBUG $(inherited)";
				SWIFT_OPTIMIZATION_LEVEL = "-Onone";
			};
			name = Debug;
		};
		8776D0862BC12D1200C1A5C5 /* Release */ = {
			isa = XCBuildConfiguration;
			buildSettings = {
				ALWAYS_SEARCH_USER_PATHS = NO;
				ASSETCATALOG_COMPILER_GENERATE_SWIFT_ASSET_SYMBOL_EXTENSIONS = YES;
				CLANG_ANALYZER_NONNULL = YES;
				CLANG_ANALYZER_NUMBER_OBJECT_CONVERSION = YES_AGGRESSIVE;
				CLANG_CXX_LANGUAGE_STANDARD = "gnu++20";
				CLANG_ENABLE_MODULES = YES;
				CLANG_ENABLE_OBJC_ARC = YES;
				CLANG_ENABLE_OBJC_WEAK = YES;
				CLANG_WARN_BLOCK_CAPTURE_AUTORELEASING = YES;
				CLANG_WARN_BOOL_CONVERSION = YES;
				CLANG_WARN_COMMA = YES;
				CLANG_WARN_CONSTANT_CONVERSION = YES;
				CLANG_WARN_DEPRECATED_OBJC_IMPLEMENTATIONS = YES;
				CLANG_WARN_DIRECT_OBJC_ISA_USAGE = YES_ERROR;
				CLANG_WARN_DOCUMENTATION_COMMENTS = YES;
				CLANG_WARN_EMPTY_BODY = YES;
				CLANG_WARN_ENUM_CONVERSION = YES;
				CLANG_WARN_INFINITE_RECURSION = YES;
				CLANG_WARN_INT_CONVERSION = YES;
				CLANG_WARN_NON_LITERAL_NULL_CONVERSION = YES;
				CLANG_WARN_OBJC_IMPLICIT_RETAIN_SELF = YES;
				CLANG_WARN_OBJC_LITERAL_CONVERSION = YES;
				CLANG_WARN_OBJC_ROOT_CLASS = YES_ERROR;
				CLANG_WARN_QUOTED_INCLUDE_IN_FRAMEWORK_HEADER = YES;
				CLANG_WARN_RANGE_LOOP_ANALYSIS = YES;
				CLANG_WARN_STRICT_PROTOTYPES = YES;
				CLANG_WARN_SUSPICIOUS_MOVE = YES;
				CLANG_WARN_UNGUARDED_AVAILABILITY = YES_AGGRESSIVE;
				CLANG_WARN_UNREACHABLE_CODE = YES;
				CLANG_WARN__DUPLICATE_METHOD_MATCH = YES;
				COPY_PHASE_STRIP = NO;
				DEBUG_INFORMATION_FORMAT = "dwarf-with-dsym";
				ENABLE_NS_ASSERTIONS = NO;
				ENABLE_STRICT_OBJC_MSGSEND = YES;
				ENABLE_USER_SCRIPT_SANDBOXING = YES;
				GCC_C_LANGUAGE_STANDARD = gnu17;
				GCC_NO_COMMON_BLOCKS = YES;
				GCC_WARN_64_TO_32_BIT_CONVERSION = YES;
				GCC_WARN_ABOUT_RETURN_TYPE = YES_ERROR;
				GCC_WARN_UNDECLARED_SELECTOR = YES;
				GCC_WARN_UNINITIALIZED_AUTOS = YES_AGGRESSIVE;
				GCC_WARN_UNUSED_FUNCTION = YES;
				GCC_WARN_UNUSED_VARIABLE = YES;
				IPHONEOS_DEPLOYMENT_TARGET = 17.2;
				LOCALIZATION_PREFERS_STRING_CATALOGS = YES;
				MTL_ENABLE_DEBUG_INFO = NO;
				MTL_FAST_MATH = YES;
				SDKROOT = iphoneos;
				SWIFT_COMPILATION_MODE = wholemodule;
				VALIDATE_PRODUCT = YES;
			};
			name = Release;
		};
		8776D0882BC12D1200C1A5C5 /* Debug */ = {
			isa = XCBuildConfiguration;
			buildSettings = {
				ASSETCATALOG_COMPILER_APPICON_NAME = AppIcon;
				ASSETCATALOG_COMPILER_GLOBAL_ACCENT_COLOR_NAME = AccentColor;
				CODE_SIGN_STYLE = Automatic;
				CURRENT_PROJECT_VERSION = 1;
				GENERATE_INFOPLIST_FILE = YES;
				INFOPLIST_FILE = MovieApp/Info.plist;
				INFOPLIST_KEY_UIApplicationSupportsIndirectInputEvents = YES;
				INFOPLIST_KEY_UILaunchStoryboardName = LaunchScreen;
				INFOPLIST_KEY_UIMainStoryboardFile = Main;
				INFOPLIST_KEY_UISupportedInterfaceOrientations_iPad = "UIInterfaceOrientationPortrait UIInterfaceOrientationPortraitUpsideDown UIInterfaceOrientationLandscapeLeft UIInterfaceOrientationLandscapeRight";
				INFOPLIST_KEY_UISupportedInterfaceOrientations_iPhone = "UIInterfaceOrientationPortrait UIInterfaceOrientationLandscapeLeft UIInterfaceOrientationLandscapeRight";
				LD_RUNPATH_SEARCH_PATHS = (
					"$(inherited)",
					"@executable_path/Frameworks",
				);
				MARKETING_VERSION = 1.0;
				PRODUCT_BUNDLE_IDENTIFIER = com.devanand.MovieApp;
				PRODUCT_NAME = "$(TARGET_NAME)";
				SWIFT_EMIT_LOC_STRINGS = YES;
				SWIFT_VERSION = 5.0;
				TARGETED_DEVICE_FAMILY = "1,2";
			};
			name = Debug;
		};
		8776D0892BC12D1200C1A5C5 /* Release */ = {
			isa = XCBuildConfiguration;
			buildSettings = {
				ASSETCATALOG_COMPILER_APPICON_NAME = AppIcon;
				ASSETCATALOG_COMPILER_GLOBAL_ACCENT_COLOR_NAME = AccentColor;
				CODE_SIGN_STYLE = Automatic;
				CURRENT_PROJECT_VERSION = 1;
				GENERATE_INFOPLIST_FILE = YES;
				INFOPLIST_FILE = MovieApp/Info.plist;
				INFOPLIST_KEY_UIApplicationSupportsIndirectInputEvents = YES;
				INFOPLIST_KEY_UILaunchStoryboardName = LaunchScreen;
				INFOPLIST_KEY_UIMainStoryboardFile = Main;
				INFOPLIST_KEY_UISupportedInterfaceOrientations_iPad = "UIInterfaceOrientationPortrait UIInterfaceOrientationPortraitUpsideDown UIInterfaceOrientationLandscapeLeft UIInterfaceOrientationLandscapeRight";
				INFOPLIST_KEY_UISupportedInterfaceOrientations_iPhone = "UIInterfaceOrientationPortrait UIInterfaceOrientationLandscapeLeft UIInterfaceOrientationLandscapeRight";
				LD_RUNPATH_SEARCH_PATHS = (
					"$(inherited)",
					"@executable_path/Frameworks",
				);
				MARKETING_VERSION = 1.0;
				PRODUCT_BUNDLE_IDENTIFIER = com.devanand.MovieApp;
				PRODUCT_NAME = "$(TARGET_NAME)";
				SWIFT_EMIT_LOC_STRINGS = YES;
				SWIFT_VERSION = 5.0;
				TARGETED_DEVICE_FAMILY = "1,2";
			};
			name = Release;
		};
		87DB488E2BC6CFF700AFCAB7 /* Debug */ = {
			isa = XCBuildConfiguration;
			buildSettings = {
				BUNDLE_LOADER = "$(TEST_HOST)";
				CODE_SIGN_STYLE = Automatic;
				CURRENT_PROJECT_VERSION = 1;
				GENERATE_INFOPLIST_FILE = YES;
				MARKETING_VERSION = 1.0;
				PRODUCT_BUNDLE_IDENTIFIER = com.devanand.MovieAppTests;
				PRODUCT_NAME = "$(TARGET_NAME)";
				SUPPORTED_PLATFORMS = "iphoneos iphonesimulator";
				SUPPORTS_MACCATALYST = NO;
				SUPPORTS_MAC_DESIGNED_FOR_IPHONE_IPAD = NO;
				SUPPORTS_XR_DESIGNED_FOR_IPHONE_IPAD = NO;
				SWIFT_EMIT_LOC_STRINGS = NO;
				SWIFT_VERSION = 5.0;
				TARGETED_DEVICE_FAMILY = "1,2";
				TEST_HOST = "$(BUILT_PRODUCTS_DIR)/MovieApp.app/$(BUNDLE_EXECUTABLE_FOLDER_PATH)/MovieApp";
			};
			name = Debug;
		};
		87DB488F2BC6CFF700AFCAB7 /* Release */ = {
			isa = XCBuildConfiguration;
			buildSettings = {
				BUNDLE_LOADER = "$(TEST_HOST)";
				CODE_SIGN_STYLE = Automatic;
				CURRENT_PROJECT_VERSION = 1;
				GENERATE_INFOPLIST_FILE = YES;
				MARKETING_VERSION = 1.0;
				PRODUCT_BUNDLE_IDENTIFIER = com.devanand.MovieAppTests;
				PRODUCT_NAME = "$(TARGET_NAME)";
				SUPPORTED_PLATFORMS = "iphoneos iphonesimulator";
				SUPPORTS_MACCATALYST = NO;
				SUPPORTS_MAC_DESIGNED_FOR_IPHONE_IPAD = NO;
				SUPPORTS_XR_DESIGNED_FOR_IPHONE_IPAD = NO;
				SWIFT_EMIT_LOC_STRINGS = NO;
				SWIFT_VERSION = 5.0;
				TARGETED_DEVICE_FAMILY = "1,2";
				TEST_HOST = "$(BUILT_PRODUCTS_DIR)/MovieApp.app/$(BUNDLE_EXECUTABLE_FOLDER_PATH)/MovieApp";
			};
			name = Release;
		};
/* End XCBuildConfiguration section */

/* Begin XCConfigurationList section */
		8776D06E2BC12D1000C1A5C5 /* Build configuration list for PBXProject "MovieApp" */ = {
			isa = XCConfigurationList;
			buildConfigurations = (
				8776D0852BC12D1200C1A5C5 /* Debug */,
				8776D0862BC12D1200C1A5C5 /* Release */,
			);
			defaultConfigurationIsVisible = 0;
			defaultConfigurationName = Release;
		};
		8776D0872BC12D1200C1A5C5 /* Build configuration list for PBXNativeTarget "MovieApp" */ = {
			isa = XCConfigurationList;
			buildConfigurations = (
				8776D0882BC12D1200C1A5C5 /* Debug */,
				8776D0892BC12D1200C1A5C5 /* Release */,
			);
			defaultConfigurationIsVisible = 0;
			defaultConfigurationName = Release;
		};
		87DB488D2BC6CFF700AFCAB7 /* Build configuration list for PBXNativeTarget "MovieAppTests" */ = {
			isa = XCConfigurationList;
			buildConfigurations = (
				87DB488E2BC6CFF700AFCAB7 /* Debug */,
				87DB488F2BC6CFF700AFCAB7 /* Release */,
			);
			defaultConfigurationIsVisible = 0;
			defaultConfigurationName = Release;
		};
/* End XCConfigurationList section */

/* Begin XCLocalSwiftPackageReference section */
		87DB48B12BC8097F00AFCAB7 /* XCLocalSwiftPackageReference "../MoviePackage" */ = {
			isa = XCLocalSwiftPackageReference;
			relativePath = ../MoviePackage;
		};
/* End XCLocalSwiftPackageReference section */

/* Begin XCRemoteSwiftPackageReference section */
		874EC29A2BC3E15D0084861E /* XCRemoteSwiftPackageReference "SDWebImage" */ = {
			isa = XCRemoteSwiftPackageReference;
			repositoryURL = "https://github.com/SDWebImage/SDWebImage.git";
			requirement = {
				kind = upToNextMajorVersion;
				minimumVersion = 5.19.1;
			};
		};
/* End XCRemoteSwiftPackageReference section */

/* Begin XCSwiftPackageProductDependency section */
		874EC29B2BC3E15D0084861E /* SDWebImage */ = {
			isa = XCSwiftPackageProductDependency;
			package = 874EC29A2BC3E15D0084861E /* XCRemoteSwiftPackageReference "SDWebImage" */;
			productName = SDWebImage;
		};
		874EC29D2BC3E15D0084861E /* SDWebImageMapKit */ = {
			isa = XCSwiftPackageProductDependency;
			package = 874EC29A2BC3E15D0084861E /* XCRemoteSwiftPackageReference "SDWebImage" */;
			productName = SDWebImageMapKit;
		};
		87DB48AC2BC8069F00AFCAB7 /* MoviePackage */ = {
			isa = XCSwiftPackageProductDependency;
			productName = MoviePackage;
		};
		87DB48AF2BC8088400AFCAB7 /* MoviePackage */ = {
			isa = XCSwiftPackageProductDependency;
			productName = MoviePackage;
		};
		87DB48B22BC8097F00AFCAB7 /* MoviePackage */ = {
			isa = XCSwiftPackageProductDependency;
			productName = MoviePackage;
		};
/* End XCSwiftPackageProductDependency section */
	};
	rootObject = 8776D06B2BC12D1000C1A5C5 /* Project object */;
}
